{
  "pins" : [
    {
      "identity" : "swiftfiglet",
      "kind" : "remoteSourceControl",
      "location" : "https://github.com/dfreniche/SwiftFiglet.git",
      "state" : {
        "revision" : "1ac347c06611750ca8ef2a599cc5c25f9af75f1b",
        "version" : "0.2.1"
      }
    }
  ],
  "version" : 2
}
