{
  "originHash" : "49c02b3f99d2aafe8cd48289433a455b18e2e8e57ee520005dcb2fcbb2ef8e05",
  "pins" : [
    {
      "identity" : "swift-argument-parser",
      "kind" : "remoteSourceControl",
      "location" : "https://github.com/apple/swift-argument-parser",
      "state" : {
        "revision" : "c8ed701b513cf5177118a175d85fbbbcd707ab41",
        "version" : "1.3.0"
      }
    },
    {
      "identity" : "swiftfiglet",
      "kind" : "remoteSourceControl",
      "location" : "https://github.com/dfreniche/SwiftFiglet.git",
      "state" : {
        "revision" : "1ac347c06611750ca8ef2a599cc5c25f9af75f1b",
        "version" : "0.2.1"
      }
    }
  ],
  "version" : 3
}
